// !$*UTF8*$!
{
	archiveVersion = 1;
	classes = {
	};
	objectVersion = 56;
	objects = {

/* Begin PBXBuildFile section */
		C01BF6312C8897E000397126 /* DemoTimerStampCalculatorApp.swift in Sources */ = {isa = PBXBuildFile; fileRef = C01BF6302C8897E000397126 /* DemoTimerStampCalculatorApp.swift */; };
		C01BF6332C8897E000397126 /* ContentView.swift in Sources */ = {isa = PBXBuildFile; fileRef = C01BF6322C8897E000397126 /* ContentView.swift */; };
		C01BF6352C8897E200397126 /* Assets.xcassets in Resources */ = {isa = PBXBuildFile; fileRef = C01BF6342C8897E200397126 /* Assets.xcassets */; };
		C01BF6382C8897E200397126 /* Preview Assets.xcassets in Resources */ = {isa = PBXBuildFile; fileRef = C01BF6372C8897E200397126 /* Preview Assets.xcassets */; };
		C01BF6422C8897E300397126 /* DemoTimerStampCalculatorTests.swift in Sources */ = {isa = PBXBuildFile; fileRef = C01BF6412C8897E300397126 /* DemoTimerStampCalculatorTests.swift */; };
		C01BF65B2C88984400397126 /* TimerCalculatorViewModel.swift in Sources */ = {isa = PBXBuildFile; fileRef = C01BF65A2C88984400397126 /* TimerCalculatorViewModel.swift */; };
		C01BF65D2C8A773100397126 /* TimerCalculatorViewModelTest.swift in Sources */ = {isa = PBXBuildFile; fileRef = C01BF65C2C8A773100397126 /* TimerCalculatorViewModelTest.swift */; };
/* End PBXBuildFile section */

/* Begin PBXContainerItemProxy section */
		C01BF63E2C8897E300397126 /* PBXContainerItemProxy */ = {
			isa = PBXContainerItemProxy;
			containerPortal = C01BF6252C8897E000397126 /* Project object */;
			proxyType = 1;
			remoteGlobalIDString = C01BF62C2C8897E000397126;
			remoteInfo = DemoTimerStampCalculator;
		};
/* End PBXContainerItemProxy section */

/* Begin PBXFileReference section */
		C01BF62D2C8897E000397126 /* DemoTimerStampCalculator.app */ = {isa = PBXFileReference; explicitFileType = wrapper.application; includeInIndex = 0; path = DemoTimerStampCalculator.app; sourceTree = BUILT_PRODUCTS_DIR; };
		C01BF6302C8897E000397126 /* DemoTimerStampCalculatorApp.swift */ = {isa = PBXFileReference; lastKnownFileType = sourcecode.swift; path = DemoTimerStampCalculatorApp.swift; sourceTree = "<group>"; };
		C01BF6322C8897E000397126 /* ContentView.swift */ = {isa = PBXFileReference; lastKnownFileType = sourcecode.swift; path = ContentView.swift; sourceTree = "<group>"; };
		C01BF6342C8897E200397126 /* Assets.xcassets */ = {isa = PBXFileReference; lastKnownFileType = folder.assetcatalog; path = Assets.xcassets; sourceTree = "<group>"; };
		C01BF6372C8897E200397126 /* Preview Assets.xcassets */ = {isa = PBXFileReference; lastKnownFileType = folder.assetcatalog; path = "Preview Assets.xcassets"; sourceTree = "<group>"; };
		C01BF63D2C8897E300397126 /* DemoTimerStampCalculatorTests.xctest */ = {isa = PBXFileReference; explicitFileType = wrapper.cfbundle; includeInIndex = 0; path = DemoTimerStampCalculatorTests.xctest; sourceTree = BUILT_PRODUCTS_DIR; };
		C01BF6412C8897E300397126 /* DemoTimerStampCalculatorTests.swift */ = {isa = PBXFileReference; lastKnownFileType = sourcecode.swift; path = DemoTimerStampCalculatorTests.swift; sourceTree = "<group>"; };
		C01BF65A2C88984400397126 /* TimerCalculatorViewModel.swift */ = {isa = PBXFileReference; lastKnownFileType = sourcecode.swift; path = TimerCalculatorViewModel.swift; sourceTree = "<group>"; };
		C01BF65C2C8A773100397126 /* TimerCalculatorViewModelTest.swift */ = {isa = PBXFileReference; lastKnownFileType = sourcecode.swift; path = TimerCalculatorViewModelTest.swift; sourceTree = "<group>"; };
/* End PBXFileReference section */

/* Begin PBXFrameworksBuildPhase section */
		C01BF62A2C8897E000397126 /* Frameworks */ = {
			isa = PBXFrameworksBuildPhase;
			buildActionMask = 2147483647;
			files = (
			);
			runOnlyForDeploymentPostprocessing = 0;
		};
		C01BF63A2C8897E300397126 /* Frameworks */ = {
			isa = PBXFrameworksBuildPhase;
			buildActionMask = 2147483647;
			files = (
			);
			runOnlyForDeploymentPostprocessing = 0;
		};
/* End PBXFrameworksBuildPhase section */

/* Begin PBXGroup section */
		C01BF6242C8897E000397126 = {
			isa = PBXGroup;
			children = (
				C01BF62F2C8897E000397126 /* DemoTimerStampCalculator */,
				C01BF6402C8897E300397126 /* DemoTimerStampCalculatorTests */,
				C01BF62E2C8897E000397126 /* Products */,
			);
			sourceTree = "<group>";
		};
		C01BF62E2C8897E000397126 /* Products */ = {
			isa = PBXGroup;
			children = (
				C01BF62D2C8897E000397126 /* DemoTimerStampCalculator.app */,
				C01BF63D2C8897E300397126 /* DemoTimerStampCalculatorTests.xctest */,
			);
			name = Products;
			sourceTree = "<group>";
		};
		C01BF62F2C8897E000397126 /* DemoTimerStampCalculator */ = {
			isa = PBXGroup;
			children = (
				C01BF6302C8897E000397126 /* DemoTimerStampCalculatorApp.swift */,
				C01BF6322C8897E000397126 /* ContentView.swift */,
				C01BF65A2C88984400397126 /* TimerCalculatorViewModel.swift */,
				C01BF6342C8897E200397126 /* Assets.xcassets */,
				C01BF6362C8897E200397126 /* Preview Content */,
			);
			path = DemoTimerStampCalculator;
			sourceTree = "<group>";
		};
		C01BF6362C8897E200397126 /* Preview Content */ = {
			isa = PBXGroup;
			children = (
				C01BF6372C8897E200397126 /* Preview Assets.xcassets */,
			);
			path = "Preview Content";
			sourceTree = "<group>";
		};
		C01BF6402C8897E300397126 /* DemoTimerStampCalculatorTests */ = {
			isa = PBXGroup;
			children = (
				C01BF6412C8897E300397126 /* DemoTimerStampCalculatorTests.swift */,
				C01BF65C2C8A773100397126 /* TimerCalculatorViewModelTest.swift */,
			);
			path = DemoTimerStampCalculatorTests;
			sourceTree = "<group>";
		};
/* End PBXGroup section */

/* Begin PBXNativeTarget section */
		C01BF62C2C8897E000397126 /* DemoTimerStampCalculator */ = {
			isa = PBXNativeTarget;
			buildConfigurationList = C01BF6512C8897E300397126 /* Build configuration list for PBXNativeTarget "DemoTimerStampCalculator" */;
			buildPhases = (
				C01BF6292C8897E000397126 /* Sources */,
				C01BF62A2C8897E000397126 /* Frameworks */,
				C01BF62B2C8897E000397126 /* Resources */,
			);
			buildRules = (
			);
			dependencies = (
			);
			name = DemoTimerStampCalculator;
			productName = DemoTimerStampCalculator;
			productReference = C01BF62D2C8897E000397126 /* DemoTimerStampCalculator.app */;
			productType = "com.apple.product-type.application";
		};
		C01BF63C2C8897E300397126 /* DemoTimerStampCalculatorTests */ = {
			isa = PBXNativeTarget;
			buildConfigurationList = C01BF6542C8897E300397126 /* Build configuration list for PBXNativeTarget "DemoTimerStampCalculatorTests" */;
			buildPhases = (
				C01BF6392C8897E300397126 /* Sources */,
				C01BF63A2C8897E300397126 /* Frameworks */,
				C01BF63B2C8897E300397126 /* Resources */,
			);
			buildRules = (
			);
			dependencies = (
				C01BF63F2C8897E300397126 /* PBXTargetDependency */,
			);
			name = DemoTimerStampCalculatorTests;
			productName = DemoTimerStampCalculatorTests;
			productReference = C01BF63D2C8897E300397126 /* DemoTimerStampCalculatorTests.xctest */;
			productType = "com.apple.product-type.bundle.unit-test";
		};
/* End PBXNativeTarget section */

/* Begin PBXProject section */
		C01BF6252C8897E000397126 /* Project object */ = {
			isa = PBXProject;
			attributes = {
				BuildIndependentTargetsInParallel = 1;
				LastSwiftUpdateCheck = 1530;
				LastUpgradeCheck = 1530;
				TargetAttributes = {
					C01BF62C2C8897E000397126 = {
						CreatedOnToolsVersion = 15.3;
					};
					C01BF63C2C8897E300397126 = {
						CreatedOnToolsVersion = 15.3;
						TestTargetID = C01BF62C2C8897E000397126;
					};
				};
			};
			buildConfigurationList = C01BF6282C8897E000397126 /* Build configuration list for PBXProject "DemoTimerStampCalculator" */;
			compatibilityVersion = "Xcode 14.0";
			developmentRegion = en;
			hasScannedForEncodings = 0;
			knownRegions = (
				en,
				Base,
			);
			mainGroup = C01BF6242C8897E000397126;
			productRefGroup = C01BF62E2C8897E000397126 /* Products */;
			projectDirPath = "";
			projectRoot = "";
			targets = (
				C01BF62C2C8897E000397126 /* DemoTimerStampCalculator */,
				C01BF63C2C8897E300397126 /* DemoTimerStampCalculatorTests */,
			);
		};
/* End PBXProject section */

/* Begin PBXResourcesBuildPhase section */
		C01BF62B2C8897E000397126 /* Resources */ = {
			isa = PBXResourcesBuildPhase;
			buildActionMask = 2147483647;
			files = (
				C01BF6382C8897E200397126 /* Preview Assets.xcassets in Resources */,
				C01BF6352C8897E200397126 /* Assets.xcassets in Resources */,
			);
			runOnlyForDeploymentPostprocessing = 0;
		};
		C01BF63B2C8897E300397126 /* Resources */ = {
			isa = PBXResourcesBuildPhase;
			buildActionMask = 2147483647;
			files = (
			);
			runOnlyForDeploymentPostprocessing = 0;
		};
/* End PBXResourcesBuildPhase section */

/* Begin PBXSourcesBuildPhase section */
		C01BF6292C8897E000397126 /* Sources */ = {
			isa = PBXSourcesBuildPhase;
			buildActionMask = 2147483647;
			files = (
				C01BF6332C8897E000397126 /* ContentView.swift in Sources */,
				C01BF65B2C88984400397126 /* TimerCalculatorViewModel.swift in Sources */,
				C01BF6312C8897E000397126 /* DemoTimerStampCalculatorApp.swift in Sources */,
			);
			runOnlyForDeploymentPostprocessing = 0;
		};
		C01BF6392C8897E300397126 /* Sources */ = {
			isa = PBXSourcesBuildPhase;
			buildActionMask = 2147483647;
			files = (
				C01BF65D2C8A773100397126 /* TimerCalculatorViewModelTest.swift in Sources */,
				C01BF6422C8897E300397126 /* DemoTimerStampCalculatorTests.swift in Sources */,
			);
			runOnlyForDeploymentPostprocessing = 0;
		};
/* End PBXSourcesBuildPhase section */

/* Begin PBXTargetDependency section */
		C01BF63F2C8897E300397126 /* PBXTargetDependency */ = {
			isa = PBXTargetDependency;
			target = C01BF62C2C8897E000397126 /* DemoTimerStampCalculator */;
			targetProxy = C01BF63E2C8897E300397126 /* PBXContainerItemProxy */;
		};
/* End PBXTargetDependency section */

/* Begin XCBuildConfiguration section */
		C01BF64F2C8897E300397126 /* Debug */ = {
			isa = XCBuildConfiguration;
			buildSettings = {
				ALWAYS_SEARCH_USER_PATHS = NO;
				ASSETCATALOG_COMPILER_GENERATE_SWIFT_ASSET_SYMBOL_EXTENSIONS = YES;
				CLANG_ANALYZER_NONNULL = YES;
				CLANG_ANALYZER_NUMBER_OBJECT_CONVERSION = YES_AGGRESSIVE;
				CLANG_CXX_LANGUAGE_STANDARD = "gnu++20";
				CLANG_ENABLE_MODULES = YES;
				CLANG_ENABLE_OBJC_ARC = YES;
				CLANG_ENABLE_OBJC_WEAK = YES;
				CLANG_WARN_BLOCK_CAPTURE_AUTORELEASING = YES;
				CLANG_WARN_BOOL_CONVERSION = YES;
				CLANG_WARN_COMMA = YES;
				CLANG_WARN_CONSTANT_CONVERSION = YES;
				CLANG_WARN_DEPRECATED_OBJC_IMPLEMENTATIONS = YES;
				CLANG_WARN_DIRECT_OBJC_ISA_USAGE = YES_ERROR;
				CLANG_WARN_DOCUMENTATION_COMMENTS = YES;
				CLANG_WARN_EMPTY_BODY = YES;
				CLANG_WARN_ENUM_CONVERSION = YES;
				CLANG_WARN_INFINITE_RECURSION = YES;
				CLANG_WARN_INT_CONVERSION = YES;
				CLANG_WARN_NON_LITERAL_NULL_CONVERSION = YES;
				CLANG_WARN_OBJC_IMPLICIT_RETAIN_SELF = YES;
				CLANG_WARN_OBJC_LITERAL_CONVERSION = YES;
				CLANG_WARN_OBJC_ROOT_CLASS = YES_ERROR;
				CLANG_WARN_QUOTED_INCLUDE_IN_FRAMEWORK_HEADER = YES;
				CLANG_WARN_RANGE_LOOP_ANALYSIS = YES;
				CLANG_WARN_STRICT_PROTOTYPES = YES;
				CLANG_WARN_SUSPICIOUS_MOVE = YES;
				CLANG_WARN_UNGUARDED_AVAILABILITY = YES_AGGRESSIVE;
				CLANG_WARN_UNREACHABLE_CODE = YES;
				CLANG_WARN__DUPLICATE_METHOD_MATCH = YES;
				COPY_PHASE_STRIP = NO;
				DEBUG_INFORMATION_FORMAT = dwarf;
				ENABLE_STRICT_OBJC_MSGSEND = YES;
				ENABLE_TESTABILITY = YES;
				ENABLE_USER_SCRIPT_SANDBOXING = YES;
				GCC_C_LANGUAGE_STANDARD = gnu17;
				GCC_DYNAMIC_NO_PIC = NO;
				GCC_NO_COMMON_BLOCKS = YES;
				GCC_OPTIMIZATION_LEVEL = 0;
				GCC_PREPROCESSOR_DEFINITIONS = (
					"DEBUG=1",
					"$(inherited)",
				);
				GCC_WARN_64_TO_32_BIT_CONVERSION = YES;
				GCC_WARN_ABOUT_RETURN_TYPE = YES_ERROR;
				GCC_WARN_UNDECLARED_SELECTOR = YES;
				GCC_WARN_UNINITIALIZED_AUTOS = YES_AGGRESSIVE;
				GCC_WARN_UNUSED_FUNCTION = YES;
				GCC_WARN_UNUSED_VARIABLE = YES;
				IPHONEOS_DEPLOYMENT_TARGET = 17.4;
				LOCALIZATION_PREFERS_STRING_CATALOGS = YES;
				MTL_ENABLE_DEBUG_INFO = INCLUDE_SOURCE;
				MTL_FAST_MATH = YES;
				ONLY_ACTIVE_ARCH = YES;
				SDKROOT = iphoneos;
				SWIFT_ACTIVE_COMPILATION_CONDITIONS = "DEBUG $(inherited)";
				SWIFT_OPTIMIZATION_LEVEL = "-Onone";
			};
			name = Debug;
		};
		C01BF6502C8897E300397126 /* Release */ = {
			isa = XCBuildConfiguration;
			buildSettings = {
				ALWAYS_SEARCH_USER_PATHS = NO;
				ASSETCATALOG_COMPILER_GENERATE_SWIFT_ASSET_SYMBOL_EXTENSIONS = YES;
				CLANG_ANALYZER_NONNULL = YES;
				CLANG_ANALYZER_NUMBER_OBJECT_CONVERSION = YES_AGGRESSIVE;
				CLANG_CXX_LANGUAGE_STANDARD = "gnu++20";
				CLANG_ENABLE_MODULES = YES;
				CLANG_ENABLE_OBJC_ARC = YES;
				CLANG_ENABLE_OBJC_WEAK = YES;
				CLANG_WARN_BLOCK_CAPTURE_AUTORELEASING = YES;
				CLANG_WARN_BOOL_CONVERSION = YES;
				CLANG_WARN_COMMA = YES;
				CLANG_WARN_CONSTANT_CONVERSION = YES;
				CLANG_WARN_DEPRECATED_OBJC_IMPLEMENTATIONS = YES;
				CLANG_WARN_DIRECT_OBJC_ISA_USAGE = YES_ERROR;
				CLANG_WARN_DOCUMENTATION_COMMENTS = YES;
				CLANG_WARN_EMPTY_BODY = YES;
				CLANG_WARN_ENUM_CONVERSION = YES;
				CLANG_WARN_INFINITE_RECURSION = YES;
				CLANG_WARN_INT_CONVERSION = YES;
				CLANG_WARN_NON_LITERAL_NULL_CONVERSION = YES;
				CLANG_WARN_OBJC_IMPLICIT_RETAIN_SELF = YES;
				CLANG_WARN_OBJC_LITERAL_CONVERSION = YES;
				CLANG_WARN_OBJC_ROOT_CLASS = YES_ERROR;
				CLANG_WARN_QUOTED_INCLUDE_IN_FRAMEWORK_HEADER = YES;
				CLANG_WARN_RANGE_LOOP_ANALYSIS = YES;
				CLANG_WARN_STRICT_PROTOTYPES = YES;
				CLANG_WARN_SUSPICIOUS_MOVE = YES;
				CLANG_WARN_UNGUARDED_AVAILABILITY = YES_AGGRESSIVE;
				CLANG_WARN_UNREACHABLE_CODE = YES;
				CLANG_WARN__DUPLICATE_METHOD_MATCH = YES;
				COPY_PHASE_STRIP = NO;
				DEBUG_INFORMATION_FORMAT = "dwarf-with-dsym";
				ENABLE_NS_ASSERTIONS = NO;
				ENABLE_STRICT_OBJC_MSGSEND = YES;
				ENABLE_USER_SCRIPT_SANDBOXING = YES;
				GCC_C_LANGUAGE_STANDARD = gnu17;
				GCC_NO_COMMON_BLOCKS = YES;
				GCC_WARN_64_TO_32_BIT_CONVERSION = YES;
				GCC_WARN_ABOUT_RETURN_TYPE = YES_ERROR;
				GCC_WARN_UNDECLARED_SELECTOR = YES;
				GCC_WARN_UNINITIALIZED_AUTOS = YES_AGGRESSIVE;
				GCC_WARN_UNUSED_FUNCTION = YES;
				GCC_WARN_UNUSED_VARIABLE = YES;
				IPHONEOS_DEPLOYMENT_TARGET = 17.4;
				LOCALIZATION_PREFERS_STRING_CATALOGS = YES;
				MTL_ENABLE_DEBUG_INFO = NO;
				MTL_FAST_MATH = YES;
				SDKROOT = iphoneos;
				SWIFT_COMPILATION_MODE = wholemodule;
				VALIDATE_PRODUCT = YES;
			};
			name = Release;
		};
		C01BF6522C8897E300397126 /* Debug */ = {
			isa = XCBuildConfiguration;
			buildSettings = {
				ASSETCATALOG_COMPILER_APPICON_NAME = AppIcon;
				ASSETCATALOG_COMPILER_GLOBAL_ACCENT_COLOR_NAME = AccentColor;
				CODE_SIGN_STYLE = Automatic;
				CURRENT_PROJECT_VERSION = 1;
				DEVELOPMENT_ASSET_PATHS = "\"DemoTimerStampCalculator/Preview Content\"";
				DEVELOPMENT_TEAM = R85N7Z4DTZ;
				ENABLE_PREVIEWS = YES;
				GENERATE_INFOPLIST_FILE = YES;
				INFOPLIST_KEY_UIApplicationSceneManifest_Generation = YES;
				INFOPLIST_KEY_UIApplicationSupportsIndirectInputEvents = YES;
				INFOPLIST_KEY_UILaunchScreen_Generation = YES;
				INFOPLIST_KEY_UISupportedInterfaceOrientations_iPad = "UIInterfaceOrientationPortrait UIInterfaceOrientationPortraitUpsideDown UIInterfaceOrientationLandscapeLeft UIInterfaceOrientationLandscapeRight";
				INFOPLIST_KEY_UISupportedInterfaceOrientations_iPhone = "UIInterfaceOrientationPortrait UIInterfaceOrientationLandscapeLeft UIInterfaceOrientationLandscapeRight";
				LD_RUNPATH_SEARCH_PATHS = (
					"$(inherited)",
					"@executable_path/Frameworks",
				);
				MARKETING_VERSION = 1.0;
				PRODUCT_BUNDLE_IDENTIFIER = amalitech.DemoTimerStampCalculator;
				PRODUCT_NAME = "$(TARGET_NAME)";
				SWIFT_EMIT_LOC_STRINGS = YES;
				SWIFT_VERSION = 5.0;
				TARGETED_DEVICE_FAMILY = "1,2";
			};
			name = Debug;
		};
		C01BF6532C8897E300397126 /* Release */ = {
			isa = XCBuildConfiguration;
			buildSettings = {
				ASSETCATALOG_COMPILER_APPICON_NAME = AppIcon;
				ASSETCATALOG_COMPILER_GLOBAL_ACCENT_COLOR_NAME = AccentColor;
				CODE_SIGN_STYLE = Automatic;
				CURRENT_PROJECT_VERSION = 1;
				DEVELOPMENT_ASSET_PATHS = "\"DemoTimerStampCalculator/Preview Content\"";
				DEVELOPMENT_TEAM = R85N7Z4DTZ;
				ENABLE_PREVIEWS = YES;
				GENERATE_INFOPLIST_FILE = YES;
				INFOPLIST_KEY_UIApplicationSceneManifest_Generation = YES;
				INFOPLIST_KEY_UIApplicationSupportsIndirectInputEvents = YES;
				INFOPLIST_KEY_UILaunchScreen_Generation = YES;
				INFOPLIST_KEY_UISupportedInterfaceOrientations_iPad = "UIInterfaceOrientationPortrait UIInterfaceOrientationPortraitUpsideDown UIInterfaceOrientationLandscapeLeft UIInterfaceOrientationLandscapeRight";
				INFOPLIST_KEY_UISupportedInterfaceOrientations_iPhone = "UIInterfaceOrientationPortrait UIInterfaceOrientationLandscapeLeft UIInterfaceOrientationLandscapeRight";
				LD_RUNPATH_SEARCH_PATHS = (
					"$(inherited)",
					"@executable_path/Frameworks",
				);
				MARKETING_VERSION = 1.0;
				PRODUCT_BUNDLE_IDENTIFIER = amalitech.DemoTimerStampCalculator;
				PRODUCT_NAME = "$(TARGET_NAME)";
				SWIFT_EMIT_LOC_STRINGS = YES;
				SWIFT_VERSION = 5.0;
				TARGETED_DEVICE_FAMILY = "1,2";
			};
			name = Release;
		};
		C01BF6552C8897E300397126 /* Debug */ = {
			isa = XCBuildConfiguration;
			buildSettings = {
				ALWAYS_EMBED_SWIFT_STANDARD_LIBRARIES = YES;
				BUNDLE_LOADER = "$(TEST_HOST)";
				CODE_SIGN_STYLE = Automatic;
				CURRENT_PROJECT_VERSION = 1;
				DEVELOPMENT_TEAM = R85N7Z4DTZ;
				GENERATE_INFOPLIST_FILE = YES;
				IPHONEOS_DEPLOYMENT_TARGET = 17.4;
				MARKETING_VERSION = 1.0;
				PRODUCT_BUNDLE_IDENTIFIER = amalitech.DemoTimerStampCalculatorTests;
				PRODUCT_NAME = "$(TARGET_NAME)";
				SWIFT_EMIT_LOC_STRINGS = NO;
				SWIFT_VERSION = 5.0;
				TARGETED_DEVICE_FAMILY = "1,2";
				TEST_HOST = "$(BUILT_PRODUCTS_DIR)/DemoTimerStampCalculator.app/$(BUNDLE_EXECUTABLE_FOLDER_PATH)/DemoTimerStampCalculator";
			};
			name = Debug;
		};
		C01BF6562C8897E300397126 /* Release */ = {
			isa = XCBuildConfiguration;
			buildSettings = {
				ALWAYS_EMBED_SWIFT_STANDARD_LIBRARIES = YES;
				BUNDLE_LOADER = "$(TEST_HOST)";
				CODE_SIGN_STYLE = Automatic;
				CURRENT_PROJECT_VERSION = 1;
				DEVELOPMENT_TEAM = R85N7Z4DTZ;
				GENERATE_INFOPLIST_FILE = YES;
				IPHONEOS_DEPLOYMENT_TARGET = 17.4;
				MARKETING_VERSION = 1.0;
				PRODUCT_BUNDLE_IDENTIFIER = amalitech.DemoTimerStampCalculatorTests;
				PRODUCT_NAME = "$(TARGET_NAME)";
				SWIFT_EMIT_LOC_STRINGS = NO;
				SWIFT_VERSION = 5.0;
				TARGETED_DEVICE_FAMILY = "1,2";
				TEST_HOST = "$(BUILT_PRODUCTS_DIR)/DemoTimerStampCalculator.app/$(BUNDLE_EXECUTABLE_FOLDER_PATH)/DemoTimerStampCalculator";
			};
			name = Release;
		};
/* End XCBuildConfiguration section */

/* Begin XCConfigurationList section */
		C01BF6282C8897E000397126 /* Build configuration list for PBXProject "DemoTimerStampCalculator" */ = {
			isa = XCConfigurationList;
			buildConfigurations = (
				C01BF64F2C8897E300397126 /* Debug */,
				C01BF6502C8897E300397126 /* Release */,
			);
			defaultConfigurationIsVisible = 0;
			defaultConfigurationName = Release;
		};
		C01BF6512C8897E300397126 /* Build configuration list for PBXNativeTarget "DemoTimerStampCalculator" */ = {
			isa = XCConfigurationList;
			buildConfigurations = (
				C01BF6522C8897E300397126 /* Debug */,
				C01BF6532C8897E300397126 /* Release */,
			);
			defaultConfigurationIsVisible = 0;
			defaultConfigurationName = Release;
		};
		C01BF6542C8897E300397126 /* Build configuration list for PBXNativeTarget "DemoTimerStampCalculatorTests" */ = {
			isa = XCConfigurationList;
			buildConfigurations = (
				C01BF6552C8897E300397126 /* Debug */,
				C01BF6562C8897E300397126 /* Release */,
			);
			defaultConfigurationIsVisible = 0;
			defaultConfigurationName = Release;
		};
/* End XCConfigurationList section */
	};
	rootObject = C01BF6252C8897E000397126 /* Project object */;
}
